
Microsoft Visual Studio Solution File, Format Version 12.00
# Visual Studio 2013
VisualStudioVersion = 12.0.40629.0
MinimumVisualStudioVersion = 10.0.40219.1
Project("{8BC9CEB8-8B4A-11D0-8D11-00A0C91BC942}") = "ch08_07", "ch08_7\ch08_7.vcxproj", "{79E6B080-5DBA-4597-9A0E-9784A7A5FDCD}"
EndProject
Project("{8BC9CEB8-8B4A-11D0-8D11-00A0C91BC942}") = "ch08_11", "ch08_11\ch08_11.vcxproj", "{CB5DDB14-089C-471C-A588-209D7066472A}"
EndProject
Project("{8BC9CEB8-8B4A-11D0-8D11-00A0C91BC942}") = "ch08_17", "ch08_17\ch08_17.vcxproj", "{8488FB4F-E314-49CA-B104-FE37325085BE}"
EndProject
Project("{8BC9CEB8-8B4A-11D0-8D11-00A0C91BC942}") = "ch09_01a", "ch09_01\ch09_01.vcxproj", "{EE62EF0E-EF9A-40D2-8E49-B31FE8A9C4D5}"
EndProject
Project("{8BC9CEB8-8B4A-11D0-8D11-00A0C91BC942}") = "ch09_06", "ch09_06\ch09_06.vcxproj", "{6DFE41A3-0A59-41AD-B930-F3F240C9180F}"
EndProject
Project("{8BC9CEB8-8B4A-11D0-8D11-00A0C91BC942}") = "ch10_03", "ch10_03\ch10_03.vcxproj", "{0166F3A4-7495-4744-B9E2-0D36EF3A5B32}"
EndProject
Project("{8BC9CEB8-8B4A-11D0-8D11-00A0C91BC942}") = "ch10_13", "ch10_13\ch10_13.vcxproj", "{6B97455F-9033-449C-B428-7BE889DE1014}"
EndProject
Project("{8BC9CEB8-8B4A-11D0-8D11-00A0C91BC942}") = "ch10_14", "ch10_14\ch10_14.vcxproj", "{35DAFD10-93CB-4694-BC52-4555BAB31538}"
EndProject
Project("{8BC9CEB8-8B4A-11D0-8D11-00A0C91BC942}") = "ch08_13", "ch08_13\ch08_13.vcxproj", "{5FE587E8-B13C-4CF8-AF46-545D6BDC35DB}"
EndProject
Project("{8BC9CEB8-8B4A-11D0-8D11-00A0C91BC942}") = "ch09_03", "ch09_03\ch09_03.vcxproj", "{624D780D-86BB-4871-B706-68170F9AAA67}"
EndProject
Global
	GlobalSection(SolutionConfigurationPlatforms) = preSolution
		Debug|Win32 = Debug|Win32
		Release|Win32 = Release|Win32
	EndGlobalSection
	GlobalSection(ProjectConfigurationPlatforms) = postSolution
		{79E6B080-5DBA-4597-9A0E-9784A7A5FDCD}.Debug|Win32.ActiveCfg = Debug|Win32
		{79E6B080-5DBA-4597-9A0E-9784A7A5FDCD}.Debug|Win32.Build.0 = Debug|Win32
		{79E6B080-5DBA-4597-9A0E-9784A7A5FDCD}.Release|Win32.ActiveCfg = Release|Win32
		{79E6B080-5DBA-4597-9A0E-9784A7A5FDCD}.Release|Win32.Build.0 = Release|Win32
		{CB5DDB14-089C-471C-A588-209D7066472A}.Debug|Win32.ActiveCfg = Debug|Win32
		{CB5DDB14-089C-471C-A588-209D7066472A}.Debug|Win32.Build.0 = Debug|Win32
		{CB5DDB14-089C-471C-A588-209D7066472A}.Release|Win32.ActiveCfg = Release|Win32
		{CB5DDB14-089C-471C-A588-209D7066472A}.Release|Win32.Build.0 = Release|Win32
		{8488FB4F-E314-49CA-B104-FE37325085BE}.Debug|Win32.ActiveCfg = Debug|Win32
		{8488FB4F-E314-49CA-B104-FE37325085BE}.Debug|Win32.Build.0 = Debug|Win32
		{8488FB4F-E314-49CA-B104-FE37325085BE}.Release|Win32.ActiveCfg = Release|Win32
		{8488FB4F-E314-49CA-B104-FE37325085BE}.Release|Win32.Build.0 = Release|Win32
		{EE62EF0E-EF9A-40D2-8E49-B31FE8A9C4D5}.Debug|Win32.ActiveCfg = Debug|Win32
		{EE62EF0E-EF9A-40D2-8E49-B31FE8A9C4D5}.Debug|Win32.Build.0 = Debug|Win32
		{EE62EF0E-EF9A-40D2-8E49-B31FE8A9C4D5}.Release|Win32.ActiveCfg = Release|Win32
		{EE62EF0E-EF9A-40D2-8E49-B31FE8A9C4D5}.Release|Win32.Build.0 = Release|Win32
		{6DFE41A3-0A59-41AD-B930-F3F240C9180F}.Debug|Win32.ActiveCfg = Debug|Win32
		{6DFE41A3-0A59-41AD-B930-F3F240C9180F}.Debug|Win32.Build.0 = Debug|Win32
		{6DFE41A3-0A59-41AD-B930-F3F240C9180F}.Release|Win32.ActiveCfg = Release|Win32
		{6DFE41A3-0A59-41AD-B930-F3F240C9180F}.Release|Win32.Build.0 = Release|Win32
		{0166F3A4-7495-4744-B9E2-0D36EF3A5B32}.Debug|Win32.ActiveCfg = Debug|Win32
		{0166F3A4-7495-4744-B9E2-0D36EF3A5B32}.Debug|Win32.Build.0 = Debug|Win32
		{0166F3A4-7495-4744-B9E2-0D36EF3A5B32}.Release|Win32.ActiveCfg = Release|Win32
		{0166F3A4-7495-4744-B9E2-0D36EF3A5B32}.Release|Win32.Build.0 = Release|Win32
		{6B97455F-9033-449C-B428-7BE889DE1014}.Debug|Win32.ActiveCfg = Debug|Win32
		{6B97455F-9033-449C-B428-7BE889DE1014}.Debug|Win32.Build.0 = Debug|Win32
		{6B97455F-9033-449C-B428-7BE889DE1014}.Release|Win32.ActiveCfg = Release|Win32
		{6B97455F-9033-449C-B428-7BE889DE1014}.Release|Win32.Build.0 = Release|Win32
		{35DAFD10-93CB-4694-BC52-4555BAB31538}.Debug|Win32.ActiveCfg = Debug|Win32
		{35DAFD10-93CB-4694-BC52-4555BAB31538}.Debug|Win32.Build.0 = Debug|Win32
		{35DAFD10-93CB-4694-BC52-4555BAB31538}.Release|Win32.ActiveCfg = Release|Win32
		{35DAFD10-93CB-4694-BC52-4555BAB31538}.Release|Win32.Build.0 = Release|Win32
		{5FE587E8-B13C-4CF8-AF46-545D6BDC35DB}.Debug|Win32.ActiveCfg = Debug|Win32
		{5FE587E8-B13C-4CF8-AF46-545D6BDC35DB}.Debug|Win32.Build.0 = Debug|Win32
		{5FE587E8-B13C-4CF8-AF46-545D6BDC35DB}.Release|Win32.ActiveCfg = Release|Win32
		{5FE587E8-B13C-4CF8-AF46-545D6BDC35DB}.Release|Win32.Build.0 = Release|Win32
		{624D780D-86BB-4871-B706-68170F9AAA67}.Debug|Win32.ActiveCfg = Debug|Win32
		{624D780D-86BB-4871-B706-68170F9AAA67}.Debug|Win32.Build.0 = Debug|Win32
		{624D780D-86BB-4871-B706-68170F9AAA67}.Release|Win32.ActiveCfg = Release|Win32
		{624D780D-86BB-4871-B706-68170F9AAA67}.Release|Win32.Build.0 = Release|Win32
	EndGlobalSection
	GlobalSection(SolutionProperties) = preSolution
		HideSolutionNode = FALSE
	EndGlobalSection
EndGlobal
